Microsoft Visual Studio Solution File, Format Version 12.00
# Visual Studio Version 17
VisualStudioVersion = 17.5.2.0
MinimumVisualStudioVersion = 10.0.40219.1
Project("{FAE04EC0-301F-11D3-BF4B-00C04F79EFBC}") = "lab 3", "lab 3\lab 3.csproj", "{FB100B01-3199-CCC8-6CF7-E5B55E9DE6E1}"
EndProject
Global
	GlobalSection(SolutionConfigurationPlatforms) = preSolution
		Debug|Any CPU = Debug|Any CPU
		Release|Any CPU = Release|Any CPU
	EndGlobalSection
	GlobalSection(ProjectConfigurationPlatforms) = postSolution
		{FB100B01-3199-CCC8-6CF7-E5B55E9DE6E1}.Debug|Any CPU.ActiveCfg = Debug|Any CPU
		{FB100B01-3199-CCC8-6CF7-E5B55E9DE6E1}.Debug|Any CPU.Build.0 = Debug|Any CPU
		{FB100B01-3199-CCC8-6CF7-E5B55E9DE6E1}.Release|Any CPU.ActiveCfg = Release|Any CPU
		{FB100B01-3199-CCC8-6CF7-E5B55E9DE6E1}.Release|Any CPU.Build.0 = Release|Any CPU
	EndGlobalSection
	GlobalSection(SolutionProperties) = preSolution
		HideSolutionNode = FALSE
	EndGlobalSection
	GlobalSection(ExtensibilityGlobals) = postSolution
		SolutionGuid = {5F345EA3-844E-4DA7-8CA0-8CBEC319A9DE}
	EndGlobalSection
EndGlobal
